
Microsoft Visual Studio Solution File, Format Version 12.00
# Visual Studio 15
VisualStudioVersion = 15.0.26304.0
MinimumVisualStudioVersion = 10.0.40219.1
Project("{888888A0-9F3D-457C-B088-3A5042F75D52}") = "FlaskWebProject2", "FlaskWebProject2\FlaskWebProject2.pyproj", "{0F8198B4-B144-418A-B138-7A8EA7B48E55}"
EndProject
Global
	GlobalSection(SolutionConfigurationPlatforms) = preSolution
		Debug|Any CPU = Debug|Any CPU
		Release|Any CPU = Release|Any CPU
	EndGlobalSection
	GlobalSection(ProjectConfigurationPlatforms) = postSolution
		{0F8198B4-B144-418A-B138-7A8EA7B48E55}.Debug|Any CPU.ActiveCfg = Debug|Any CPU
		{0F8198B4-B144-418A-B138-7A8EA7B48E55}.Debug|Any CPU.Build.0 = Debug|Any CPU
		{0F8198B4-B144-418A-B138-7A8EA7B48E55}.Release|Any CPU.ActiveCfg = Release|Any CPU
		{0F8198B4-B144-418A-B138-7A8EA7B48E55}.Release|Any CPU.Build.0 = Release|Any CPU
	EndGlobalSection
	GlobalSection(SolutionProperties) = preSolution
		HideSolutionNode = FALSE
	EndGlobalSection
EndGlobal
